// !$*UTF8*$!
{
	archiveVersion = 1;
	classes = {
	};
	objectVersion = 46;
	objects = {

/* Begin PBXBuildFile section */
		1617FABC1DB46D1D0012331A /* main.m in Sources */ = {isa = PBXBuildFile; fileRef = 1617FABB1DB46D1D0012331A /* main.m */; };
		1617FABF1DB46D1D0012331A /* AppDelegate.m in Sources */ = {isa = PBXBuildFile; fileRef = 1617FABE1DB46D1D0012331A /* AppDelegate.m */; };
		1617FAC21DB46D1D0012331A /* ViewController.m in Sources */ = {isa = PBXBuildFile; fileRef = 1617FAC11DB46D1D0012331A /* ViewController.m */; };
		1617FAC51DB46D1D0012331A /* Main.storyboard in Resources */ = {isa = PBXBuildFile; fileRef = 1617FAC31DB46D1D0012331A /* Main.storyboard */; };
		1617FAC71DB46D1D0012331A /* Assets.xcassets in Resources */ = {isa = PBXBuildFile; fileRef = 1617FAC61DB46D1D0012331A /* Assets.xcassets */; };
		1617FACA1DB46D1D0012331A /* LaunchScreen.storyboard in Resources */ = {isa = PBXBuildFile; fileRef = 1617FAC81DB46D1D0012331A /* LaunchScreen.storyboard */; };
		1617FAD51DB46DFE0012331A /* SelectedRefinementPhotoController.m in Sources */ = {isa = PBXBuildFile; fileRef = 1617FAD21DB46DFE0012331A /* SelectedRefinementPhotoController.m */; };
		1617FAD61DB46DFE0012331A /* SelectedRefinementPhotoController.xib in Resources */ = {isa = PBXBuildFile; fileRef = 1617FAD31DB46DFE0012331A /* SelectedRefinementPhotoController.xib */; };
		1617FADA1DB46EB50012331A /* SelectedRefinementCCell.m in Sources */ = {isa = PBXBuildFile; fileRef = 1617FAD71DB46EB50012331A /* SelectedRefinementCCell.m */; };
		1617FADB1DB46EB50012331A /* SelectedRefinementCCell.xib in Resources */ = {isa = PBXBuildFile; fileRef = 1617FAD81DB46EB50012331A /* SelectedRefinementCCell.xib */; };
/* End PBXBuildFile section */

/* Begin PBXFileReference section */
		1617FAB71DB46D1D0012331A /* xib的简单collectionView.app */ = {isa = PBXFileReference; explicitFileType = wrapper.application; includeInIndex = 0; path = "xib的简单collectionView.app"; sourceTree = BUILT_PRODUCTS_DIR; };
		1617FABB1DB46D1D0012331A /* main.m */ = {isa = PBXFileReference; lastKnownFileType = sourcecode.c.objc; path = main.m; sourceTree = "<group>"; };
		1617FABD1DB46D1D0012331A /* AppDelegate.h */ = {isa = PBXFileReference; lastKnownFileType = sourcecode.c.h; path = AppDelegate.h; sourceTree = "<group>"; };
		1617FABE1DB46D1D0012331A /* AppDelegate.m */ = {isa = PBXFileReference; lastKnownFileType = sourcecode.c.objc; path = AppDelegate.m; sourceTree = "<group>"; };
		1617FAC01DB46D1D0012331A /* ViewController.h */ = {isa = PBXFileReference; lastKnownFileType = sourcecode.c.h; path = ViewController.h; sourceTree = "<group>"; };
		1617FAC11DB46D1D0012331A /* ViewController.m */ = {isa = PBXFileReference; lastKnownFileType = sourcecode.c.objc; path = ViewController.m; sourceTree = "<group>"; };
		1617FAC41DB46D1D0012331A /* Base */ = {isa = PBXFileReference; lastKnownFileType = file.storyboard; name = Base; path = Base.lproj/Main.storyboard; sourceTree = "<group>"; };
		1617FAC61DB46D1D0012331A /* Assets.xcassets */ = {isa = PBXFileReference; lastKnownFileType = folder.assetcatalog; path = Assets.xcassets; sourceTree = "<group>"; };
		1617FAC91DB46D1D0012331A /* Base */ = {isa = PBXFileReference; lastKnownFileType = file.storyboard; name = Base; path = Base.lproj/LaunchScreen.storyboard; sourceTree = "<group>"; };
		1617FACB1DB46D1D0012331A /* Info.plist */ = {isa = PBXFileReference; lastKnownFileType = text.plist.xml; path = Info.plist; sourceTree = "<group>"; };
		1617FAD21DB46DFE0012331A /* SelectedRefinementPhotoController.m */ = {isa = PBXFileReference; fileEncoding = 4; lastKnownFileType = sourcecode.c.objc; path = SelectedRefinementPhotoController.m; sourceTree = "<group>"; };
		1617FAD31DB46DFE0012331A /* SelectedRefinementPhotoController.xib */ = {isa = PBXFileReference; fileEncoding = 4; lastKnownFileType = file.xib; path = SelectedRefinementPhotoController.xib; sourceTree = "<group>"; };
		1617FAD41DB46DFE0012331A /* SelectedRefinementPhotoController.h */ = {isa = PBXFileReference; fileEncoding = 4; lastKnownFileType = sourcecode.c.h; path = SelectedRefinementPhotoController.h; sourceTree = "<group>"; };
		1617FAD71DB46EB50012331A /* SelectedRefinementCCell.m */ = {isa = PBXFileReference; fileEncoding = 4; lastKnownFileType = sourcecode.c.objc; path = SelectedRefinementCCell.m; sourceTree = "<group>"; };
		1617FAD81DB46EB50012331A /* SelectedRefinementCCell.xib */ = {isa = PBXFileReference; fileEncoding = 4; lastKnownFileType = file.xib; path = SelectedRefinementCCell.xib; sourceTree = "<group>"; };
		1617FAD91DB46EB50012331A /* SelectedRefinementCCell.h */ = {isa = PBXFileReference; fileEncoding = 4; lastKnownFileType = sourcecode.c.h; path = SelectedRefinementCCell.h; sourceTree = "<group>"; };
/* End PBXFileReference section */

/* Begin PBXFrameworksBuildPhase section */
		1617FAB41DB46D1D0012331A /* Frameworks */ = {
			isa = PBXFrameworksBuildPhase;
			buildActionMask = 2147483647;
			files = (
			);
			runOnlyForDeploymentPostprocessing = 0;
		};
/* End PBXFrameworksBuildPhase section */

/* Begin PBXGroup section */
		1617FAAE1DB46D1D0012331A = {
			isa = PBXGroup;
			children = (
				1617FAB91DB46D1D0012331A /* xib的简单collectionView */,
				1617FAB81DB46D1D0012331A /* Products */,
			);
			sourceTree = "<group>";
		};
		1617FAB81DB46D1D0012331A /* Products */ = {
			isa = PBXGroup;
			children = (
				1617FAB71DB46D1D0012331A /* xib的简单collectionView.app */,
			);
			name = Products;
			sourceTree = "<group>";
		};
		1617FAB91DB46D1D0012331A /* xib的简单collectionView */ = {
			isa = PBXGroup;
			children = (
				1617FAD11DB46DE80012331A /* demo */,
				1617FABD1DB46D1D0012331A /* AppDelegate.h */,
				1617FABE1DB46D1D0012331A /* AppDelegate.m */,
				1617FAC01DB46D1D0012331A /* ViewController.h */,
				1617FAC11DB46D1D0012331A /* ViewController.m */,
				1617FAC31DB46D1D0012331A /* Main.storyboard */,
				1617FAC61DB46D1D0012331A /* Assets.xcassets */,
				1617FAC81DB46D1D0012331A /* LaunchScreen.storyboard */,
				1617FACB1DB46D1D0012331A /* Info.plist */,
				1617FABA1DB46D1D0012331A /* Supporting Files */,
			);
			path = "xib的简单collectionView";
			sourceTree = "<group>";
		};
		1617FABA1DB46D1D0012331A /* Supporting Files */ = {
			isa = PBXGroup;
			children = (
				1617FABB1DB46D1D0012331A /* main.m */,
			);
			name = "Supporting Files";
			sourceTree = "<group>";
		};
		1617FAD11DB46DE80012331A /* demo */ = {
			isa = PBXGroup;
			children = (
				1617FAD41DB46DFE0012331A /* SelectedRefinementPhotoController.h */,
				1617FAD21DB46DFE0012331A /* SelectedRefinementPhotoController.m */,
				1617FAD31DB46DFE0012331A /* SelectedRefinementPhotoController.xib */,
				1617FAD91DB46EB50012331A /* SelectedRefinementCCell.h */,
				1617FAD71DB46EB50012331A /* SelectedRefinementCCell.m */,
				1617FAD81DB46EB50012331A /* SelectedRefinementCCell.xib */,
			);
			path = demo;
			sourceTree = "<group>";
		};
/* End PBXGroup section */

/* Begin PBXNativeTarget section */
		1617FAB61DB46D1D0012331A /* xib的简单collectionView */ = {
			isa = PBXNativeTarget;
			buildConfigurationList = 1617FACE1DB46D1D0012331A /* Build configuration list for PBXNativeTarget "xib的简单collectionView" */;
			buildPhases = (
				1617FAB31DB46D1D0012331A /* Sources */,
				1617FAB41DB46D1D0012331A /* Frameworks */,
				1617FAB51DB46D1D0012331A /* Resources */,
			);
			buildRules = (
			);
			dependencies = (
			);
			name = "xib的简单collectionView";
			productName = "xib的简单collectionView";
			productReference = 1617FAB71DB46D1D0012331A /* xib的简单collectionView.app */;
			productType = "com.apple.product-type.application";
		};
/* End PBXNativeTarget section */

/* Begin PBXProject section */
		1617FAAF1DB46D1D0012331A /* Project object */ = {
			isa = PBXProject;
			attributes = {
				LastUpgradeCheck = 0800;
				ORGANIZATIONNAME = Jacob;
				TargetAttributes = {
					1617FAB61DB46D1D0012331A = {
						CreatedOnToolsVersion = 8.0;
						ProvisioningStyle = Automatic;
					};
				};
			};
			buildConfigurationList = 1617FAB21DB46D1D0012331A /* Build configuration list for PBXProject "xib的简单collectionView" */;
			compatibilityVersion = "Xcode 3.2";
			developmentRegion = English;
			hasScannedForEncodings = 0;
			knownRegions = (
				en,
				Base,
			);
			mainGroup = 1617FAAE1DB46D1D0012331A;
			productRefGroup = 1617FAB81DB46D1D0012331A /* Products */;
			projectDirPath = "";
			projectRoot = "";
			targets = (
				1617FAB61DB46D1D0012331A /* xib的简单collectionView */,
			);
		};
/* End PBXProject section */

/* Begin PBXResourcesBuildPhase section */
		1617FAB51DB46D1D0012331A /* Resources */ = {
			isa = PBXResourcesBuildPhase;
			buildActionMask = 2147483647;
			files = (
				1617FACA1DB46D1D0012331A /* LaunchScreen.storyboard in Resources */,
				1617FAC71DB46D1D0012331A /* Assets.xcassets in Resources */,
				1617FAD61DB46DFE0012331A /* SelectedRefinementPhotoController.xib in Resources */,
				1617FADB1DB46EB50012331A /* SelectedRefinementCCell.xib in Resources */,
				1617FAC51DB46D1D0012331A /* Main.storyboard in Resources */,
			);
			runOnlyForDeploymentPostprocessing = 0;
		};
/* End PBXResourcesBuildPhase section */

/* Begin PBXSourcesBuildPhase section */
		1617FAB31DB46D1D0012331A /* Sources */ = {
			isa = PBXSourcesBuildPhase;
			buildActionMask = 2147483647;
			files = (
				1617FAC21DB46D1D0012331A /* ViewController.m in Sources */,
				1617FADA1DB46EB50012331A /* SelectedRefinementCCell.m in Sources */,
				1617FABF1DB46D1D0012331A /* AppDelegate.m in Sources */,
				1617FAD51DB46DFE0012331A /* SelectedRefinementPhotoController.m in Sources */,
				1617FABC1DB46D1D0012331A /* main.m in Sources */,
			);
			runOnlyForDeploymentPostprocessing = 0;
		};
/* End PBXSourcesBuildPhase section */

/* Begin PBXVariantGroup section */
		1617FAC31DB46D1D0012331A /* Main.storyboard */ = {
			isa = PBXVariantGroup;
			children = (
				1617FAC41DB46D1D0012331A /* Base */,
			);
			name = Main.storyboard;
			sourceTree = "<group>";
		};
		1617FAC81DB46D1D0012331A /* LaunchScreen.storyboard */ = {
			isa = PBXVariantGroup;
			children = (
				1617FAC91DB46D1D0012331A /* Base */,
			);
			name = LaunchScreen.storyboard;
			sourceTree = "<group>";
		};
/* End PBXVariantGroup section */

/* Begin XCBuildConfiguration section */
		1617FACC1DB46D1D0012331A /* Debug */ = {
			isa = XCBuildConfiguration;
			buildSettings = {
				ALWAYS_SEARCH_USER_PATHS = NO;
				CLANG_ANALYZER_NONNULL = YES;
				CLANG_CXX_LANGUAGE_STANDARD = "gnu++0x";
				CLANG_CXX_LIBRARY = "libc++";
				CLANG_ENABLE_MODULES = YES;
				CLANG_ENABLE_OBJC_ARC = YES;
				CLANG_WARN_BOOL_CONVERSION = YES;
				CLANG_WARN_CONSTANT_CONVERSION = YES;
				CLANG_WARN_DIRECT_OBJC_ISA_USAGE = YES_ERROR;
				CLANG_WARN_DOCUMENTATION_COMMENTS = YES;
				CLANG_WARN_EMPTY_BODY = YES;
				CLANG_WARN_ENUM_CONVERSION = YES;
				CLANG_WARN_INFINITE_RECURSION = YES;
				CLANG_WARN_INT_CONVERSION = YES;
				CLANG_WARN_OBJC_ROOT_CLASS = YES_ERROR;
				CLANG_WARN_SUSPICIOUS_MOVES = YES;
				CLANG_WARN_UNREACHABLE_CODE = YES;
				CLANG_WARN__DUPLICATE_METHOD_MATCH = YES;
				"CODE_SIGN_IDENTITY[sdk=iphoneos*]" = "iPhone Developer";
				COPY_PHASE_STRIP = NO;
				DEBUG_INFORMATION_FORMAT = dwarf;
				ENABLE_STRICT_OBJC_MSGSEND = YES;
				ENABLE_TESTABILITY = YES;
				GCC_C_LANGUAGE_STANDARD = gnu99;
				GCC_DYNAMIC_NO_PIC = NO;
				GCC_NO_COMMON_BLOCKS = YES;
				GCC_OPTIMIZATION_LEVEL = 0;
				GCC_PREPROCESSOR_DEFINITIONS = (
					"DEBUG=1",
					"$(inherited)",
				);
				GCC_WARN_64_TO_32_BIT_CONVERSION = YES;
				GCC_WARN_ABOUT_RETURN_TYPE = YES_ERROR;
				GCC_WARN_UNDECLARED_SELECTOR = YES;
				GCC_WARN_UNINITIALIZED_AUTOS = YES_AGGRESSIVE;
				GCC_WARN_UNUSED_FUNCTION = YES;
				GCC_WARN_UNUSED_VARIABLE = YES;
				IPHONEOS_DEPLOYMENT_TARGET = 10.0;
				MTL_ENABLE_DEBUG_INFO = YES;
				ONLY_ACTIVE_ARCH = YES;
				SDKROOT = iphoneos;
			};
			name = Debug;
		};
		1617FACD1DB46D1D0012331A /* Release */ = {
			isa = XCBuildConfiguration;
			buildSettings = {
				ALWAYS_SEARCH_USER_PATHS = NO;
				CLANG_ANALYZER_NONNULL = YES;
				CLANG_CXX_LANGUAGE_STANDARD = "gnu++0x";
				CLANG_CXX_LIBRARY = "libc++";
				CLANG_ENABLE_MODULES = YES;
				CLANG_ENABLE_OBJC_ARC = YES;
				CLANG_WARN_BOOL_CONVERSION = YES;
				CLANG_WARN_CONSTANT_CONVERSION = YES;
				CLANG_WARN_DIRECT_OBJC_ISA_USAGE = YES_ERROR;
				CLANG_WARN_DOCUMENTATION_COMMENTS = YES;
				CLANG_WARN_EMPTY_BODY = YES;
				CLANG_WARN_ENUM_CONVERSION = YES;
				CLANG_WARN_INFINITE_RECURSION = YES;
				CLANG_WARN_INT_CONVERSION = YES;
				CLANG_WARN_OBJC_ROOT_CLASS = YES_ERROR;
				CLANG_WARN_SUSPICIOUS_MOVES = YES;
				CLANG_WARN_UNREACHABLE_CODE = YES;
				CLANG_WARN__DUPLICATE_METHOD_MATCH = YES;
				"CODE_SIGN_IDENTITY[sdk=iphoneos*]" = "iPhone Developer";
				COPY_PHASE_STRIP = NO;
				DEBUG_INFORMATION_FORMAT = "dwarf-with-dsym";
				ENABLE_NS_ASSERTIONS = NO;
				ENABLE_STRICT_OBJC_MSGSEND = YES;
				GCC_C_LANGUAGE_STANDARD = gnu99;
				GCC_NO_COMMON_BLOCKS = YES;
				GCC_WARN_64_TO_32_BIT_CONVERSION = YES;
				GCC_WARN_ABOUT_RETURN_TYPE = YES_ERROR;
				GCC_WARN_UNDECLARED_SELECTOR = YES;
				GCC_WARN_UNINITIALIZED_AUTOS = YES_AGGRESSIVE;
				GCC_WARN_UNUSED_FUNCTION = YES;
				GCC_WARN_UNUSED_VARIABLE = YES;
				IPHONEOS_DEPLOYMENT_TARGET = 10.0;
				MTL_ENABLE_DEBUG_INFO = NO;
				SDKROOT = iphoneos;
				VALIDATE_PRODUCT = YES;
			};
			name = Release;
		};
		1617FACF1DB46D1D0012331A /* Debug */ = {
			isa = XCBuildConfiguration;
			buildSettings = {
				ASSETCATALOG_COMPILER_APPICON_NAME = AppIcon;
				INFOPLIST_FILE = "xib的简单collectionView/Info.plist";
				LD_RUNPATH_SEARCH_PATHS = "$(inherited) @executable_path/Frameworks";
				PRODUCT_BUNDLE_IDENTIFIER = "com.jacob.xib---collectionView";
				PRODUCT_NAME = "$(TARGET_NAME)";
			};
			name = Debug;
		};
		1617FAD01DB46D1D0012331A /* Release */ = {
			isa = XCBuildConfiguration;
			buildSettings = {
				ASSETCATALOG_COMPILER_APPICON_NAME = AppIcon;
				INFOPLIST_FILE = "xib的简单collectionView/Info.plist";
				LD_RUNPATH_SEARCH_PATHS = "$(inherited) @executable_path/Frameworks";
				PRODUCT_BUNDLE_IDENTIFIER = "com.jacob.xib---collectionView";
				PRODUCT_NAME = "$(TARGET_NAME)";
			};
			name = Release;
		};
/* End XCBuildConfiguration section */

/* Begin XCConfigurationList section */
		1617FAB21DB46D1D0012331A /* Build configuration list for PBXProject "xib的简单collectionView" */ = {
			isa = XCConfigurationList;
			buildConfigurations = (
				1617FACC1DB46D1D0012331A /* Debug */,
				1617FACD1DB46D1D0012331A /* Release */,
			);
			defaultConfigurationIsVisible = 0;
			defaultConfigurationName = Release;
		};
		1617FACE1DB46D1D0012331A /* Build configuration list for PBXNativeTarget "xib的简单collectionView" */ = {
			isa = XCConfigurationList;
			buildConfigurations = (
				1617FACF1DB46D1D0012331A /* Debug */,
				1617FAD01DB46D1D0012331A /* Release */,
			);
			defaultConfigurationIsVisible = 0;
		};
/* End XCConfigurationList section */
	};
	rootObject = 1617FAAF1DB46D1D0012331A /* Project object */;
}
